
Microsoft Visual Studio Solution File, Format Version 12.00
# Visual Studio 15
VisualStudioVersion = 15.0.28307.489
MinimumVisualStudioVersion = 10.0.40219.1
Project("{9A19103F-16F7-4668-BE54-9A1E7A4F7556}") = "SubArrayLargestSum", "SubArrayLargestSum\SubArrayLargestSum.csproj", "{CEC74083-417A-44A8-AAED-0EFDA7800F5C}"
EndProject
Project("{FAE04EC0-301F-11D3-BF4B-00C04F79EFBC}") = "FindMissingNumProblem2", "FindMissingNumProblem2\FindMissingNumProblem2.csproj", "{73274FA2-8C88-45B3-A3C5-23FE239D7F32}"
EndProject
Global
	GlobalSection(SolutionConfigurationPlatforms) = preSolution
		Debug|Any CPU = Debug|Any CPU
		Release|Any CPU = Release|Any CPU
	EndGlobalSection
	GlobalSection(ProjectConfigurationPlatforms) = postSolution
		{CEC74083-417A-44A8-AAED-0EFDA7800F5C}.Debug|Any CPU.ActiveCfg = Debug|Any CPU
		{CEC74083-417A-44A8-AAED-0EFDA7800F5C}.Debug|Any CPU.Build.0 = Debug|Any CPU
		{CEC74083-417A-44A8-AAED-0EFDA7800F5C}.Release|Any CPU.ActiveCfg = Release|Any CPU
		{CEC74083-417A-44A8-AAED-0EFDA7800F5C}.Release|Any CPU.Build.0 = Release|Any CPU
		{73274FA2-8C88-45B3-A3C5-23FE239D7F32}.Debug|Any CPU.ActiveCfg = Debug|Any CPU
		{73274FA2-8C88-45B3-A3C5-23FE239D7F32}.Debug|Any CPU.Build.0 = Debug|Any CPU
		{73274FA2-8C88-45B3-A3C5-23FE239D7F32}.Release|Any CPU.ActiveCfg = Release|Any CPU
		{73274FA2-8C88-45B3-A3C5-23FE239D7F32}.Release|Any CPU.Build.0 = Release|Any CPU
	EndGlobalSection
	GlobalSection(SolutionProperties) = preSolution
		HideSolutionNode = FALSE
	EndGlobalSection
	GlobalSection(ExtensibilityGlobals) = postSolution
		SolutionGuid = {61874C11-9CC6-492B-B804-5A51012D0180}
	EndGlobalSection
EndGlobal
